
Microsoft Visual Studio Solution File, Format Version 12.00
# Visual Studio Version 16
VisualStudioVersion = 16.0.30717.126
MinimumVisualStudioVersion = 10.0.40219.1
Project("{2150E333-8FDC-42A3-9474-1A3956D46DE8}") = "Domain", "Domain", "{5D02B91D-6A46-4A71-A8F7-D2C961B85630}"
EndProject
Project("{2150E333-8FDC-42A3-9474-1A3956D46DE8}") = "Microservices", "Microservices", "{8304AB8D-DFDC-4C6C-AA0E-60C54C5667A8}"
EndProject
Project("{2150E333-8FDC-42A3-9474-1A3956D46DE8}") = "Infra.Bus", "Infra.Bus", "{ADC19FF6-2D12-4CA0-9289-699BEBD7E395}"
EndProject
Project("{2150E333-8FDC-42A3-9474-1A3956D46DE8}") = "Infra.Ioc", "Infra.Ioc", "{FF9B2141-F1BB-4484-A6AA-36701B543307}"
EndProject
Project("{2150E333-8FDC-42A3-9474-1A3956D46DE8}") = "Presentation", "Presentation", "{8142F57E-7D0D-4908-B3D6-9DAB0B2B6017}"
EndProject
Project("{9A19103F-16F7-4668-BE54-9A1E7A4F7556}") = "Domain.Core", "Domain.Core\Domain.Core.csproj", "{E63068B0-285D-475F-8D49-1F24B89069E7}"
EndProject
Project("{9A19103F-16F7-4668-BE54-9A1E7A4F7556}") = "InfraBus", "InfraBus\InfraBus.csproj", "{39F7ED14-6E6D-469E-AFAF-2E2219218B17}"
EndProject
Project("{9A19103F-16F7-4668-BE54-9A1E7A4F7556}") = "InfraIoc", "InfraIoc\InfraIoc.csproj", "{75DD6BAC-CFB8-4CF3-AE5C-B511EEEE19C6}"
EndProject
Project("{2150E333-8FDC-42A3-9474-1A3956D46DE8}") = "Banking", "Banking", "{12465CE8-8BBF-445B-BB6F-3DC4298A6D1C}"
EndProject
Project("{2150E333-8FDC-42A3-9474-1A3956D46DE8}") = "Api", "Api", "{F9F23C86-7F5D-44E5-BE7F-8080A0EA0499}"
EndProject
Project("{2150E333-8FDC-42A3-9474-1A3956D46DE8}") = "Application", "Application", "{24E8A25A-E040-4E14-9DDC-5E49647083EE}"
EndProject
Project("{2150E333-8FDC-42A3-9474-1A3956D46DE8}") = "Domain", "Domain", "{94842AD7-3695-4F81-B4C1-8C8F9E79DF55}"
EndProject
Project("{2150E333-8FDC-42A3-9474-1A3956D46DE8}") = "Data", "Data", "{BB10B85F-E5E4-4DFD-99D9-5918EB9245A6}"
EndProject
Project("{9A19103F-16F7-4668-BE54-9A1E7A4F7556}") = "Banking.Api", "Banking.Api\Banking.Api.csproj", "{597C9A8D-B2BD-4F2A-93F8-A2FCF40A5C80}"
EndProject
Project("{9A19103F-16F7-4668-BE54-9A1E7A4F7556}") = "Banking.application", "Banking.application\Banking.application.csproj", "{A6D3AEB7-E8DC-4AC0-957B-9372FD4C55D5}"
EndProject
Project("{9A19103F-16F7-4668-BE54-9A1E7A4F7556}") = "Banking.Data", "Banking.Data\Banking.Data.csproj", "{4B0E8806-51F8-41DB-AAB8-71E860E3253B}"
EndProject
Project("{9A19103F-16F7-4668-BE54-9A1E7A4F7556}") = "Banking.Domain", "Banking.Domain\Banking.Domain.csproj", "{AE2CC13E-D5A3-4B05-8495-AC05D04FF48B}"
EndProject
Project("{E53339B2-1760-4266-BCC7-CA923CBCF16C}") = "docker-compose", "docker-compose.dcproj", "{1EB28A1C-8034-43D3-8EAE-90379FA8DBE5}"
EndProject
Project("{2150E333-8FDC-42A3-9474-1A3956D46DE8}") = "Transfer", "Transfer", "{6B82E986-2BB3-46A1-95D1-409583653A33}"
EndProject
Project("{2150E333-8FDC-42A3-9474-1A3956D46DE8}") = "Api", "Api", "{B5DD45A6-EBE4-4B08-BEFD-54AC9A98275A}"
EndProject
Project("{2150E333-8FDC-42A3-9474-1A3956D46DE8}") = "Data", "Data", "{088C0C41-22D9-4861-B79A-28A87A693BB4}"
EndProject
Project("{2150E333-8FDC-42A3-9474-1A3956D46DE8}") = "Application", "Application", "{271C6679-0977-46DB-BDA2-D24551D98912}"
EndProject
Project("{2150E333-8FDC-42A3-9474-1A3956D46DE8}") = "Domain", "Domain", "{32503F1C-BAA4-4EC8-9B72-8FB5A67A2B32}"
EndProject
Project("{9A19103F-16F7-4668-BE54-9A1E7A4F7556}") = "Transfer.Api", "Transfer.Api\Transfer.Api.csproj", "{171FB4B8-68F8-43B8-9C7F-7D98320BFC10}"
EndProject
Project("{9A19103F-16F7-4668-BE54-9A1E7A4F7556}") = "Transfer.Application", "Transfer.Application\Transfer.Application.csproj", "{59223E30-EF14-4F27-A749-8CF0BAE38508}"
EndProject
Project("{9A19103F-16F7-4668-BE54-9A1E7A4F7556}") = "Transfer.Data", "Transfer.Data\Transfer.Data.csproj", "{08021DDA-F585-4D71-8611-7F1344025CD1}"
EndProject
Project("{9A19103F-16F7-4668-BE54-9A1E7A4F7556}") = "Transfer.Domain", "Transfer.Domain\Transfer.Domain.csproj", "{8D242D55-E90D-4AB5-AA03-68679BA4CA40}"
EndProject
Project("{9A19103F-16F7-4668-BE54-9A1E7A4F7556}") = "MvcWebApp", "MvcWebApp\MvcWebApp.csproj", "{58575848-C46E-4BE1-89D5-FBD3C0EA5EF0}"
EndProject
Project("{9A19103F-16F7-4668-BE54-9A1E7A4F7556}") = "IdentityServer", "IdentityServer\IdentityServer.csproj", "{50EFF53E-F09E-4045-868C-D8AE21746A8B}"
EndProject
Project("{2150E333-8FDC-42A3-9474-1A3956D46DE8}") = "STA", "STA", "{6D774517-DE0A-4F79-BEC3-47EC8A596364}"
EndProject
Global
	GlobalSection(SolutionConfigurationPlatforms) = preSolution
		Debug|Any CPU = Debug|Any CPU
		Release|Any CPU = Release|Any CPU
	EndGlobalSection
	GlobalSection(ProjectConfigurationPlatforms) = postSolution
		{E63068B0-285D-475F-8D49-1F24B89069E7}.Debug|Any CPU.ActiveCfg = Debug|Any CPU
		{E63068B0-285D-475F-8D49-1F24B89069E7}.Debug|Any CPU.Build.0 = Debug|Any CPU
		{E63068B0-285D-475F-8D49-1F24B89069E7}.Release|Any CPU.ActiveCfg = Release|Any CPU
		{E63068B0-285D-475F-8D49-1F24B89069E7}.Release|Any CPU.Build.0 = Release|Any CPU
		{39F7ED14-6E6D-469E-AFAF-2E2219218B17}.Debug|Any CPU.ActiveCfg = Debug|Any CPU
		{39F7ED14-6E6D-469E-AFAF-2E2219218B17}.Debug|Any CPU.Build.0 = Debug|Any CPU
		{39F7ED14-6E6D-469E-AFAF-2E2219218B17}.Release|Any CPU.ActiveCfg = Release|Any CPU
		{39F7ED14-6E6D-469E-AFAF-2E2219218B17}.Release|Any CPU.Build.0 = Release|Any CPU
		{75DD6BAC-CFB8-4CF3-AE5C-B511EEEE19C6}.Debug|Any CPU.ActiveCfg = Debug|Any CPU
		{75DD6BAC-CFB8-4CF3-AE5C-B511EEEE19C6}.Debug|Any CPU.Build.0 = Debug|Any CPU
		{75DD6BAC-CFB8-4CF3-AE5C-B511EEEE19C6}.Release|Any CPU.ActiveCfg = Release|Any CPU
		{75DD6BAC-CFB8-4CF3-AE5C-B511EEEE19C6}.Release|Any CPU.Build.0 = Release|Any CPU
		{597C9A8D-B2BD-4F2A-93F8-A2FCF40A5C80}.Debug|Any CPU.ActiveCfg = Debug|Any CPU
		{597C9A8D-B2BD-4F2A-93F8-A2FCF40A5C80}.Debug|Any CPU.Build.0 = Debug|Any CPU
		{597C9A8D-B2BD-4F2A-93F8-A2FCF40A5C80}.Release|Any CPU.ActiveCfg = Release|Any CPU
		{597C9A8D-B2BD-4F2A-93F8-A2FCF40A5C80}.Release|Any CPU.Build.0 = Release|Any CPU
		{A6D3AEB7-E8DC-4AC0-957B-9372FD4C55D5}.Debug|Any CPU.ActiveCfg = Debug|Any CPU
		{A6D3AEB7-E8DC-4AC0-957B-9372FD4C55D5}.Debug|Any CPU.Build.0 = Debug|Any CPU
		{A6D3AEB7-E8DC-4AC0-957B-9372FD4C55D5}.Release|Any CPU.ActiveCfg = Release|Any CPU
		{A6D3AEB7-E8DC-4AC0-957B-9372FD4C55D5}.Release|Any CPU.Build.0 = Release|Any CPU
		{4B0E8806-51F8-41DB-AAB8-71E860E3253B}.Debug|Any CPU.ActiveCfg = Debug|Any CPU
		{4B0E8806-51F8-41DB-AAB8-71E860E3253B}.Debug|Any CPU.Build.0 = Debug|Any CPU
		{4B0E8806-51F8-41DB-AAB8-71E860E3253B}.Release|Any CPU.ActiveCfg = Release|Any CPU
		{4B0E8806-51F8-41DB-AAB8-71E860E3253B}.Release|Any CPU.Build.0 = Release|Any CPU
		{AE2CC13E-D5A3-4B05-8495-AC05D04FF48B}.Debug|Any CPU.ActiveCfg = Debug|Any CPU
		{AE2CC13E-D5A3-4B05-8495-AC05D04FF48B}.Debug|Any CPU.Build.0 = Debug|Any CPU
		{AE2CC13E-D5A3-4B05-8495-AC05D04FF48B}.Release|Any CPU.ActiveCfg = Release|Any CPU
		{AE2CC13E-D5A3-4B05-8495-AC05D04FF48B}.Release|Any CPU.Build.0 = Release|Any CPU
		{1EB28A1C-8034-43D3-8EAE-90379FA8DBE5}.Debug|Any CPU.ActiveCfg = Debug|Any CPU
		{1EB28A1C-8034-43D3-8EAE-90379FA8DBE5}.Debug|Any CPU.Build.0 = Debug|Any CPU
		{1EB28A1C-8034-43D3-8EAE-90379FA8DBE5}.Release|Any CPU.ActiveCfg = Release|Any CPU
		{1EB28A1C-8034-43D3-8EAE-90379FA8DBE5}.Release|Any CPU.Build.0 = Release|Any CPU
		{171FB4B8-68F8-43B8-9C7F-7D98320BFC10}.Debug|Any CPU.ActiveCfg = Debug|Any CPU
		{171FB4B8-68F8-43B8-9C7F-7D98320BFC10}.Debug|Any CPU.Build.0 = Debug|Any CPU
		{171FB4B8-68F8-43B8-9C7F-7D98320BFC10}.Release|Any CPU.ActiveCfg = Release|Any CPU
		{171FB4B8-68F8-43B8-9C7F-7D98320BFC10}.Release|Any CPU.Build.0 = Release|Any CPU
		{59223E30-EF14-4F27-A749-8CF0BAE38508}.Debug|Any CPU.ActiveCfg = Debug|Any CPU
		{59223E30-EF14-4F27-A749-8CF0BAE38508}.Debug|Any CPU.Build.0 = Debug|Any CPU
		{59223E30-EF14-4F27-A749-8CF0BAE38508}.Release|Any CPU.ActiveCfg = Release|Any CPU
		{59223E30-EF14-4F27-A749-8CF0BAE38508}.Release|Any CPU.Build.0 = Release|Any CPU
		{08021DDA-F585-4D71-8611-7F1344025CD1}.Debug|Any CPU.ActiveCfg = Debug|Any CPU
		{08021DDA-F585-4D71-8611-7F1344025CD1}.Debug|Any CPU.Build.0 = Debug|Any CPU
		{08021DDA-F585-4D71-8611-7F1344025CD1}.Release|Any CPU.ActiveCfg = Release|Any CPU
		{08021DDA-F585-4D71-8611-7F1344025CD1}.Release|Any CPU.Build.0 = Release|Any CPU
		{8D242D55-E90D-4AB5-AA03-68679BA4CA40}.Debug|Any CPU.ActiveCfg = Debug|Any CPU
		{8D242D55-E90D-4AB5-AA03-68679BA4CA40}.Debug|Any CPU.Build.0 = Debug|Any CPU
		{8D242D55-E90D-4AB5-AA03-68679BA4CA40}.Release|Any CPU.ActiveCfg = Release|Any CPU
		{8D242D55-E90D-4AB5-AA03-68679BA4CA40}.Release|Any CPU.Build.0 = Release|Any CPU
		{58575848-C46E-4BE1-89D5-FBD3C0EA5EF0}.Debug|Any CPU.ActiveCfg = Debug|Any CPU
		{58575848-C46E-4BE1-89D5-FBD3C0EA5EF0}.Debug|Any CPU.Build.0 = Debug|Any CPU
		{58575848-C46E-4BE1-89D5-FBD3C0EA5EF0}.Release|Any CPU.ActiveCfg = Release|Any CPU
		{58575848-C46E-4BE1-89D5-FBD3C0EA5EF0}.Release|Any CPU.Build.0 = Release|Any CPU
		{50EFF53E-F09E-4045-868C-D8AE21746A8B}.Debug|Any CPU.ActiveCfg = Debug|Any CPU
		{50EFF53E-F09E-4045-868C-D8AE21746A8B}.Debug|Any CPU.Build.0 = Debug|Any CPU
		{50EFF53E-F09E-4045-868C-D8AE21746A8B}.Release|Any CPU.ActiveCfg = Release|Any CPU
		{50EFF53E-F09E-4045-868C-D8AE21746A8B}.Release|Any CPU.Build.0 = Release|Any CPU
	EndGlobalSection
	GlobalSection(SolutionProperties) = preSolution
		HideSolutionNode = FALSE
	EndGlobalSection
	GlobalSection(NestedProjects) = preSolution
		{E63068B0-285D-475F-8D49-1F24B89069E7} = {5D02B91D-6A46-4A71-A8F7-D2C961B85630}
		{39F7ED14-6E6D-469E-AFAF-2E2219218B17} = {ADC19FF6-2D12-4CA0-9289-699BEBD7E395}
		{75DD6BAC-CFB8-4CF3-AE5C-B511EEEE19C6} = {FF9B2141-F1BB-4484-A6AA-36701B543307}
		{12465CE8-8BBF-445B-BB6F-3DC4298A6D1C} = {8304AB8D-DFDC-4C6C-AA0E-60C54C5667A8}
		{F9F23C86-7F5D-44E5-BE7F-8080A0EA0499} = {12465CE8-8BBF-445B-BB6F-3DC4298A6D1C}
		{24E8A25A-E040-4E14-9DDC-5E49647083EE} = {12465CE8-8BBF-445B-BB6F-3DC4298A6D1C}
		{94842AD7-3695-4F81-B4C1-8C8F9E79DF55} = {12465CE8-8BBF-445B-BB6F-3DC4298A6D1C}
		{BB10B85F-E5E4-4DFD-99D9-5918EB9245A6} = {12465CE8-8BBF-445B-BB6F-3DC4298A6D1C}
		{597C9A8D-B2BD-4F2A-93F8-A2FCF40A5C80} = {F9F23C86-7F5D-44E5-BE7F-8080A0EA0499}
		{A6D3AEB7-E8DC-4AC0-957B-9372FD4C55D5} = {24E8A25A-E040-4E14-9DDC-5E49647083EE}
		{4B0E8806-51F8-41DB-AAB8-71E860E3253B} = {BB10B85F-E5E4-4DFD-99D9-5918EB9245A6}
		{AE2CC13E-D5A3-4B05-8495-AC05D04FF48B} = {94842AD7-3695-4F81-B4C1-8C8F9E79DF55}
		{6B82E986-2BB3-46A1-95D1-409583653A33} = {8304AB8D-DFDC-4C6C-AA0E-60C54C5667A8}
		{B5DD45A6-EBE4-4B08-BEFD-54AC9A98275A} = {6B82E986-2BB3-46A1-95D1-409583653A33}
		{088C0C41-22D9-4861-B79A-28A87A693BB4} = {6B82E986-2BB3-46A1-95D1-409583653A33}
		{271C6679-0977-46DB-BDA2-D24551D98912} = {6B82E986-2BB3-46A1-95D1-409583653A33}
		{32503F1C-BAA4-4EC8-9B72-8FB5A67A2B32} = {6B82E986-2BB3-46A1-95D1-409583653A33}
		{171FB4B8-68F8-43B8-9C7F-7D98320BFC10} = {B5DD45A6-EBE4-4B08-BEFD-54AC9A98275A}
		{59223E30-EF14-4F27-A749-8CF0BAE38508} = {271C6679-0977-46DB-BDA2-D24551D98912}
		{08021DDA-F585-4D71-8611-7F1344025CD1} = {088C0C41-22D9-4861-B79A-28A87A693BB4}
		{8D242D55-E90D-4AB5-AA03-68679BA4CA40} = {32503F1C-BAA4-4EC8-9B72-8FB5A67A2B32}
		{58575848-C46E-4BE1-89D5-FBD3C0EA5EF0} = {8142F57E-7D0D-4908-B3D6-9DAB0B2B6017}
		{50EFF53E-F09E-4045-868C-D8AE21746A8B} = {6D774517-DE0A-4F79-BEC3-47EC8A596364}
	EndGlobalSection
	GlobalSection(ExtensibilityGlobals) = postSolution
		SolutionGuid = {52E400C2-B75E-4AC1-A27C-339E6465BB60}
	EndGlobalSection
EndGlobal
