
Microsoft Visual Studio Solution File, Format Version 12.00
# Visual Studio Version 16
VisualStudioVersion = 16.0.30717.126
MinimumVisualStudioVersion = 10.0.40219.1
Project("{2150E333-8FDC-42A3-9474-1A3956D46DE8}") = "Domain", "Domain", "{5D02B91D-6A46-4A71-A8F7-D2C961B85630}"
EndProject
Project("{2150E333-8FDC-42A3-9474-1A3956D46DE8}") = "Microservices", "Microservices", "{8304AB8D-DFDC-4C6C-AA0E-60C54C5667A8}"
EndProject
Project("{2150E333-8FDC-42A3-9474-1A3956D46DE8}") = "Infra.Bus", "Infra.Bus", "{ADC19FF6-2D12-4CA0-9289-699BEBD7E395}"
EndProject
Project("{2150E333-8FDC-42A3-9474-1A3956D46DE8}") = "Infra.Ioc", "Infra.Ioc", "{FF9B2141-F1BB-4484-A6AA-36701B543307}"
EndProject
Project("{2150E333-8FDC-42A3-9474-1A3956D46DE8}") = "Presentation", "Presentation", "{8142F57E-7D0D-4908-B3D6-9DAB0B2B6017}"
EndProject
Project("{9A19103F-16F7-4668-BE54-9A1E7A4F7556}") = "Domain.Core", "Domain.Core\Domain.Core.csproj", "{E63068B0-285D-475F-8D49-1F24B89069E7}"
EndProject
Project("{9A19103F-16F7-4668-BE54-9A1E7A4F7556}") = "InfraBus", "InfraBus\InfraBus.csproj", "{39F7ED14-6E6D-469E-AFAF-2E2219218B17}"
EndProject
Project("{9A19103F-16F7-4668-BE54-9A1E7A4F7556}") = "InfraIoc", "InfraIoc\InfraIoc.csproj", "{75DD6BAC-CFB8-4CF3-AE5C-B511EEEE19C6}"
EndProject
Project("{2150E333-8FDC-42A3-9474-1A3956D46DE8}") = "Banking", "Banking", "{12465CE8-8BBF-445B-BB6F-3DC4298A6D1C}"
EndProject
Project("{2150E333-8FDC-42A3-9474-1A3956D46DE8}") = "Api", "Api", "{F9F23C86-7F5D-44E5-BE7F-8080A0EA0499}"
EndProject
Project("{2150E333-8FDC-42A3-9474-1A3956D46DE8}") = "Application", "Application", "{24E8A25A-E040-4E14-9DDC-5E49647083EE}"
EndProject
Project("{2150E333-8FDC-42A3-9474-1A3956D46DE8}") = "Domain", "Domain", "{94842AD7-3695-4F81-B4C1-8C8F9E79DF55}"
EndProject
Project("{2150E333-8FDC-42A3-9474-1A3956D46DE8}") = "Data", "Data", "{BB10B85F-E5E4-4DFD-99D9-5918EB9245A6}"
EndProject
Project("{FAE04EC0-301F-11D3-BF4B-00C04F79EFBC}") = "Banking.Api", "Banking.Api\Banking.Api.csproj", "{597C9A8D-B2BD-4F2A-93F8-A2FCF40A5C80}"
EndProject
Project("{FAE04EC0-301F-11D3-BF4B-00C04F79EFBC}") = "Banking.application", "Banking.application\Banking.application.csproj", "{A6D3AEB7-E8DC-4AC0-957B-9372FD4C55D5}"
EndProject
Project("{FAE04EC0-301F-11D3-BF4B-00C04F79EFBC}") = "Banking.Data", "Banking.Data\Banking.Data.csproj", "{4B0E8806-51F8-41DB-AAB8-71E860E3253B}"
EndProject
Project("{FAE04EC0-301F-11D3-BF4B-00C04F79EFBC}") = "Banking.Domain", "Banking.Domain\Banking.Domain.csproj", "{AE2CC13E-D5A3-4B05-8495-AC05D04FF48B}"
EndProject
Global
	GlobalSection(SolutionConfigurationPlatforms) = preSolution
		Debug|Any CPU = Debug|Any CPU
		Release|Any CPU = Release|Any CPU
	EndGlobalSection
	GlobalSection(ProjectConfigurationPlatforms) = postSolution
		{E63068B0-285D-475F-8D49-1F24B89069E7}.Debug|Any CPU.ActiveCfg = Debug|Any CPU
		{E63068B0-285D-475F-8D49-1F24B89069E7}.Debug|Any CPU.Build.0 = Debug|Any CPU
		{E63068B0-285D-475F-8D49-1F24B89069E7}.Release|Any CPU.ActiveCfg = Release|Any CPU
		{E63068B0-285D-475F-8D49-1F24B89069E7}.Release|Any CPU.Build.0 = Release|Any CPU
		{39F7ED14-6E6D-469E-AFAF-2E2219218B17}.Debug|Any CPU.ActiveCfg = Debug|Any CPU
		{39F7ED14-6E6D-469E-AFAF-2E2219218B17}.Debug|Any CPU.Build.0 = Debug|Any CPU
		{39F7ED14-6E6D-469E-AFAF-2E2219218B17}.Release|Any CPU.ActiveCfg = Release|Any CPU
		{39F7ED14-6E6D-469E-AFAF-2E2219218B17}.Release|Any CPU.Build.0 = Release|Any CPU
		{75DD6BAC-CFB8-4CF3-AE5C-B511EEEE19C6}.Debug|Any CPU.ActiveCfg = Debug|Any CPU
		{75DD6BAC-CFB8-4CF3-AE5C-B511EEEE19C6}.Debug|Any CPU.Build.0 = Debug|Any CPU
		{75DD6BAC-CFB8-4CF3-AE5C-B511EEEE19C6}.Release|Any CPU.ActiveCfg = Release|Any CPU
		{75DD6BAC-CFB8-4CF3-AE5C-B511EEEE19C6}.Release|Any CPU.Build.0 = Release|Any CPU
		{597C9A8D-B2BD-4F2A-93F8-A2FCF40A5C80}.Debug|Any CPU.ActiveCfg = Debug|Any CPU
		{597C9A8D-B2BD-4F2A-93F8-A2FCF40A5C80}.Debug|Any CPU.Build.0 = Debug|Any CPU
		{597C9A8D-B2BD-4F2A-93F8-A2FCF40A5C80}.Release|Any CPU.ActiveCfg = Release|Any CPU
		{597C9A8D-B2BD-4F2A-93F8-A2FCF40A5C80}.Release|Any CPU.Build.0 = Release|Any CPU
		{A6D3AEB7-E8DC-4AC0-957B-9372FD4C55D5}.Debug|Any CPU.ActiveCfg = Debug|Any CPU
		{A6D3AEB7-E8DC-4AC0-957B-9372FD4C55D5}.Debug|Any CPU.Build.0 = Debug|Any CPU
		{A6D3AEB7-E8DC-4AC0-957B-9372FD4C55D5}.Release|Any CPU.ActiveCfg = Release|Any CPU
		{A6D3AEB7-E8DC-4AC0-957B-9372FD4C55D5}.Release|Any CPU.Build.0 = Release|Any CPU
		{4B0E8806-51F8-41DB-AAB8-71E860E3253B}.Debug|Any CPU.ActiveCfg = Debug|Any CPU
		{4B0E8806-51F8-41DB-AAB8-71E860E3253B}.Debug|Any CPU.Build.0 = Debug|Any CPU
		{4B0E8806-51F8-41DB-AAB8-71E860E3253B}.Release|Any CPU.ActiveCfg = Release|Any CPU
		{4B0E8806-51F8-41DB-AAB8-71E860E3253B}.Release|Any CPU.Build.0 = Release|Any CPU
		{AE2CC13E-D5A3-4B05-8495-AC05D04FF48B}.Debug|Any CPU.ActiveCfg = Debug|Any CPU
		{AE2CC13E-D5A3-4B05-8495-AC05D04FF48B}.Debug|Any CPU.Build.0 = Debug|Any CPU
		{AE2CC13E-D5A3-4B05-8495-AC05D04FF48B}.Release|Any CPU.ActiveCfg = Release|Any CPU
		{AE2CC13E-D5A3-4B05-8495-AC05D04FF48B}.Release|Any CPU.Build.0 = Release|Any CPU
	EndGlobalSection
	GlobalSection(SolutionProperties) = preSolution
		HideSolutionNode = FALSE
	EndGlobalSection
	GlobalSection(NestedProjects) = preSolution
		{E63068B0-285D-475F-8D49-1F24B89069E7} = {5D02B91D-6A46-4A71-A8F7-D2C961B85630}
		{39F7ED14-6E6D-469E-AFAF-2E2219218B17} = {ADC19FF6-2D12-4CA0-9289-699BEBD7E395}
		{75DD6BAC-CFB8-4CF3-AE5C-B511EEEE19C6} = {FF9B2141-F1BB-4484-A6AA-36701B543307}
		{12465CE8-8BBF-445B-BB6F-3DC4298A6D1C} = {8304AB8D-DFDC-4C6C-AA0E-60C54C5667A8}
		{F9F23C86-7F5D-44E5-BE7F-8080A0EA0499} = {12465CE8-8BBF-445B-BB6F-3DC4298A6D1C}
		{24E8A25A-E040-4E14-9DDC-5E49647083EE} = {12465CE8-8BBF-445B-BB6F-3DC4298A6D1C}
		{94842AD7-3695-4F81-B4C1-8C8F9E79DF55} = {12465CE8-8BBF-445B-BB6F-3DC4298A6D1C}
		{BB10B85F-E5E4-4DFD-99D9-5918EB9245A6} = {12465CE8-8BBF-445B-BB6F-3DC4298A6D1C}
		{597C9A8D-B2BD-4F2A-93F8-A2FCF40A5C80} = {F9F23C86-7F5D-44E5-BE7F-8080A0EA0499}
		{A6D3AEB7-E8DC-4AC0-957B-9372FD4C55D5} = {24E8A25A-E040-4E14-9DDC-5E49647083EE}
		{4B0E8806-51F8-41DB-AAB8-71E860E3253B} = {BB10B85F-E5E4-4DFD-99D9-5918EB9245A6}
		{AE2CC13E-D5A3-4B05-8495-AC05D04FF48B} = {94842AD7-3695-4F81-B4C1-8C8F9E79DF55}
	EndGlobalSection
	GlobalSection(ExtensibilityGlobals) = postSolution
		SolutionGuid = {52E400C2-B75E-4AC1-A27C-339E6465BB60}
	EndGlobalSection
EndGlobal
